import { useNavigate } from 'react-router-dom'

export function Pedidos() {
  return (
    <div className="screen">
      <div style={{ background:'#2D5A3D', padding:'14px 14px 12px', position:'sticky', top:0, zIndex:10 }}>
        <div style={{ fontFamily:"'Fredoka One',cursive", fontSize:17, color:'#F0E8D8' }}>Meus Pedidos</div>
      </div>

      <div style={{ margin:'14px 14px 0', background:'#1E3D2A', borderRadius:16, overflow:'hidden' }}>
        <div style={{ background:'#2D5A3D', padding:'12px 14px', display:'flex', alignItems:'center', justifyContent:'space-between' }}>
          <div>
            <div style={{ fontFamily:"'Fredoka One',cursive", fontSize:15, color:'#F0E8D8' }}>🛵 A caminho!</div>
            <div style={{ fontSize:9, color:'#C4A882', fontWeight:700, marginTop:2 }}>#MC-2847 · Vila São José</div>
          </div>
          <div style={{ background:'rgba(76,175,80,.15)', borderRadius:99, padding:'4px 10px', fontSize:10, color:'#81C784', fontWeight:800 }}>🟢 EM ROTA</div>
        </div>
        <div style={{ padding:'12px 14px' }}>
          {[
            { icon:'✓', label:'Pedido confirmado', sub:'14:32 · Pix aprovado', done:true },
            { icon:'✓', label:'Preparando', sub:'14:33 · Carmen separou', done:true },
            { icon:'🛵', label:'A caminho', sub:'14:38 · saiu para entrega', active:true },
            { icon:'🏠', label:'Entregue', sub:'previsão: 14:56', done:false },
          ].map((s, i, arr) => (
            <div key={i}>
              <div style={{ display:'flex', alignItems:'flex-start', gap:10 }}>
                <div style={{ width:28, height:28, borderRadius:'50%', background: s.done ? '#2D5A3D' : s.active ? '#E8622A' : 'rgba(255,255,255,.1)', display:'flex', alignItems:'center', justifyContent:'center', fontSize:12, color:'#fff', flexShrink:0, animation: s.active ? 'pulse 1.5s ease-in-out infinite' : 'none' }}>{s.icon}</div>
                <div style={{ paddingTop:4 }}>
                  <div style={{ fontSize:11, fontWeight:800, color: s.active ? '#fff' : s.done ? '#C4A882' : 'rgba(255,255,255,.3)' }}>{s.label}</div>
                  <div style={{ fontSize:9, color:'rgba(255,255,255,.35)', fontWeight:600 }}>{s.sub}</div>
                </div>
              </div>
              {i < arr.length - 1 && <div style={{ width:2, height:14, background: s.done ? '#2D5A3D' : 'rgba(255,255,255,.1)', marginLeft:13, marginTop:2, marginBottom:2 }}/>}
            </div>
          ))}
        </div>
        <div style={{ padding:'8px 14px 14px', display:'flex', alignItems:'center', justifyContent:'space-between' }}>
          <div>
            <div style={{ fontFamily:"'Fredoka One',cursive", fontSize:26, color:'#E8622A' }}>18 min</div>
            <div style={{ fontSize:9, color:'#C4A882', fontWeight:700 }}>tempo estimado</div>
          </div>
          <div style={{ display:'flex', gap:8 }}>
            <button style={{ width:36, height:36, borderRadius:'50%', border:'1.5px solid #3D7A52', background:'transparent', fontSize:16, cursor:'pointer' }}>💬</button>
            <button style={{ width:36, height:36, borderRadius:'50%', background:'#2D5A3D', border:'none', fontSize:16, cursor:'pointer' }}>📞</button>
          </div>
        </div>
      </div>

      <div style={{ padding:'14px 14px 0' }}>
        <div style={{ fontFamily:"'Fredoka One',cursive", fontSize:14, color:'#1A2E1F', marginBottom:10 }}>Histórico</div>
        <div style={{ background:'#fff', borderRadius:14, padding:'12px', border:'1px solid rgba(45,90,61,.08)', display:'flex', alignItems:'center', justifyContent:'space-between' }}>
          <div>
            <div style={{ fontSize:12, fontWeight:800, color:'#1A2E1F' }}>Pedido #MC-2841</div>
            <div style={{ fontSize:9, color:'#6B8A72', fontWeight:600, marginTop:2 }}>Ontem · 3 itens · R$ 24,80</div>
          </div>
          <div style={{ background:'rgba(45,90,61,.08)', borderRadius:99, padding:'4px 10px', fontSize:9, color:'#2D5A3D', fontWeight:800 }}>✅ Entregue</div>
        </div>
      </div>
      <div style={{ height:16 }}/>
      <style>{`@keyframes pulse{0%,100%{box-shadow:0 0 0 0 rgba(232,98,42,.4)}50%{box-shadow:0 0 0 6px rgba(232,98,42,0)}}`}</style>
    </div>
  )
}

export function Perfil() {
  const nav = useNavigate()
  return (
    <div className="screen">
      <div style={{ background:'#2D5A3D', padding:'14px 14px 20px' }}>
        <div style={{ fontFamily:"'Fredoka One',cursive", fontSize:17, color:'#F0E8D8', marginBottom:16 }}>Meu Perfil</div>
        <div style={{ display:'flex', alignItems:'center', gap:12 }}>
          <div style={{ width:52, height:52, borderRadius:'50%', background:'#E8622A', display:'flex', alignItems:'center', justifyContent:'center', fontSize:26 }}>👤</div>
          <div>
            <div style={{ fontFamily:"'Fredoka One',cursive", fontSize:16, color:'#F0E8D8' }}>Visitante</div>
            <div style={{ fontSize:9, color:'#C4A882', fontWeight:700 }}>Faça login para ver seus favoritos</div>
          </div>
        </div>
      </div>
      <div style={{ padding:14 }}>
        <button onClick={() => nav('/login')} style={{ width:'100%', background:'#E8622A', border:'none', borderRadius:14, padding:'13px', fontFamily:"'Fredoka One',cursive", fontSize:16, color:'#fff', cursor:'pointer', marginBottom:10 }}>
          Entrar / Cadastrar
        </button>
        {[
          { icon:'📦', label:'Meus pedidos' },
          { icon:'❤️', label:'Favoritos' },
          { icon:'📍', label:'Meus endereços' },
          { icon:'💳', label:'Formas de pagamento' },
          { icon:'🎫', label:'Meus cupons' },
        ].map(item => (
          <div key={item.label} style={{ background:'#fff', borderRadius:12, padding:'13px 14px', border:'1px solid rgba(45,90,61,.08)', display:'flex', alignItems:'center', gap:12, marginBottom:8, cursor:'pointer' }}>
            <span style={{ fontSize:18 }}>{item.icon}</span>
            <span style={{ fontSize:13, fontWeight:700, color:'#1A2E1F', flex:1 }}>{item.label}</span>
            <span style={{ color:'#6B8A72', fontSize:14 }}>›</span>
          </div>
        ))}
      </div>
    </div>
  )
}
